
Microsoft Visual Studio Solution File, Format Version 12.00
# Visual Studio Version 16
VisualStudioVersion = 16.0.31019.35
MinimumVisualStudioVersion = 10.0.40219.1
Project("{FAE04EC0-301F-11D3-BF4B-00C04F79EFBC}") = "Gambling_Simulation", "Gambling_Simulation\Gambling_Simulation.csproj", "{2F27561D-8C68-4D5F-B656-BD4E3BEC382F}"
EndProject
Global
	GlobalSection(SolutionConfigurationPlatforms) = preSolution
		Debug|Any CPU = Debug|Any CPU
		Release|Any CPU = Release|Any CPU
	EndGlobalSection
	GlobalSection(ProjectConfigurationPlatforms) = postSolution
		{2F27561D-8C68-4D5F-B656-BD4E3BEC382F}.Debug|Any CPU.ActiveCfg = Debug|Any CPU
		{2F27561D-8C68-4D5F-B656-BD4E3BEC382F}.Debug|Any CPU.Build.0 = Debug|Any CPU
		{2F27561D-8C68-4D5F-B656-BD4E3BEC382F}.Release|Any CPU.ActiveCfg = Release|Any CPU
		{2F27561D-8C68-4D5F-B656-BD4E3BEC382F}.Release|Any CPU.Build.0 = Release|Any CPU
	EndGlobalSection
	GlobalSection(SolutionProperties) = preSolution
		HideSolutionNode = FALSE
	EndGlobalSection
	GlobalSection(ExtensibilityGlobals) = postSolution
		SolutionGuid = {18E25A21-C8F0-4185-9F5B-091C4F9F4D51}
	EndGlobalSection
EndGlobal
